
Microsoft Visual Studio Solution File, Format Version 12.00
# Visual Studio Version 16
VisualStudioVersion = 16.0.30413.136
MinimumVisualStudioVersion = 10.0.40219.1
Project("{888888A0-9F3D-457C-B088-3A5042F75D52}") = "HelloDjango1", "HelloDjango1\HelloDjango1.pyproj", "{2791817B-F606-4E08-B79B-CE80BAFB7B44}"
EndProject
Global
	GlobalSection(SolutionConfigurationPlatforms) = preSolution
		Debug|Any CPU = Debug|Any CPU
		Release|Any CPU = Release|Any CPU
	EndGlobalSection
	GlobalSection(ProjectConfigurationPlatforms) = postSolution
		{2791817B-F606-4E08-B79B-CE80BAFB7B44}.Debug|Any CPU.ActiveCfg = Debug|Any CPU
		{2791817B-F606-4E08-B79B-CE80BAFB7B44}.Debug|Any CPU.Build.0 = Debug|Any CPU
		{2791817B-F606-4E08-B79B-CE80BAFB7B44}.Release|Any CPU.ActiveCfg = Release|Any CPU
		{2791817B-F606-4E08-B79B-CE80BAFB7B44}.Release|Any CPU.Build.0 = Release|Any CPU
	EndGlobalSection
	GlobalSection(SolutionProperties) = preSolution
		HideSolutionNode = FALSE
	EndGlobalSection
	GlobalSection(ExtensibilityGlobals) = postSolution
		SolutionGuid = {FBF646D2-0DA5-45BD-9D7C-AC51B334E6E5}
	EndGlobalSection
EndGlobal
